
Microsoft Visual Studio Solution File, Format Version 12.00
# Visual Studio Version 17
VisualStudioVersion = 17.7.34202.233
MinimumVisualStudioVersion = 10.0.40219.1
Project("{FAE04EC0-301F-11D3-BF4B-00C04F79EFBC}") = "UnitTestCalc", "UnitTestCalc\UnitTestCalc.csproj", "{C2E18C40-090D-4CD6-A8B8-310C9EA104D7}"
EndProject
Global
	GlobalSection(SolutionConfigurationPlatforms) = preSolution
		Debug|Any CPU = Debug|Any CPU
		Release|Any CPU = Release|Any CPU
	EndGlobalSection
	GlobalSection(ProjectConfigurationPlatforms) = postSolution
		{C2E18C40-090D-4CD6-A8B8-310C9EA104D7}.Debug|Any CPU.ActiveCfg = Debug|Any CPU
		{C2E18C40-090D-4CD6-A8B8-310C9EA104D7}.Debug|Any CPU.Build.0 = Debug|Any CPU
		{C2E18C40-090D-4CD6-A8B8-310C9EA104D7}.Release|Any CPU.ActiveCfg = Release|Any CPU
		{C2E18C40-090D-4CD6-A8B8-310C9EA104D7}.Release|Any CPU.Build.0 = Release|Any CPU
	EndGlobalSection
	GlobalSection(SolutionProperties) = preSolution
		HideSolutionNode = FALSE
	EndGlobalSection
	GlobalSection(ExtensibilityGlobals) = postSolution
		SolutionGuid = {56D93D33-C878-47B7-9811-E95560BB780B}
	EndGlobalSection
EndGlobal
